
Microsoft Visual Studio Solution File, Format Version 12.00
# Visual Studio 14
VisualStudioVersion = 14.0.25420.1
MinimumVisualStudioVersion = 10.0.40219.1
Project("{FAE04EC0-301F-11D3-BF4B-00C04F79EFBC}") = "VaultSharp", "src\VaultSharp\VaultSharp.csproj", "{8EFE7F89-F83F-4E35-8736-C3E86611D138}"
EndProject
Project("{FAE04EC0-301F-11D3-BF4B-00C04F79EFBC}") = "VaultSharp.UnitTests", "test\VaultSharp.UnitTests\VaultSharp.UnitTests.csproj", "{E2EAEADB-4B95-4F84-96FD-57AC2C30EA0C}"
EndProject
Project("{2150E333-8FDC-42A3-9474-1A3956D46DE8}") = "Solution Items", "Solution Items", "{EDD023C0-3460-4B40-B061-7D925F5C2F59}"
	ProjectSection(SolutionItems) = preProject
		CHANGELOG.md = CHANGELOG.md
		README.md = README.md
	EndProjectSection
EndProject
Global
	GlobalSection(SolutionConfigurationPlatforms) = preSolution
		Debug|Any CPU = Debug|Any CPU
		Release|Any CPU = Release|Any CPU
	EndGlobalSection
	GlobalSection(ProjectConfigurationPlatforms) = postSolution
		{8EFE7F89-F83F-4E35-8736-C3E86611D138}.Debug|Any CPU.ActiveCfg = Debug|Any CPU
		{8EFE7F89-F83F-4E35-8736-C3E86611D138}.Debug|Any CPU.Build.0 = Debug|Any CPU
		{8EFE7F89-F83F-4E35-8736-C3E86611D138}.Release|Any CPU.ActiveCfg = Release|Any CPU
		{8EFE7F89-F83F-4E35-8736-C3E86611D138}.Release|Any CPU.Build.0 = Release|Any CPU
		{E2EAEADB-4B95-4F84-96FD-57AC2C30EA0C}.Debug|Any CPU.ActiveCfg = Debug|Any CPU
		{E2EAEADB-4B95-4F84-96FD-57AC2C30EA0C}.Debug|Any CPU.Build.0 = Debug|Any CPU
		{E2EAEADB-4B95-4F84-96FD-57AC2C30EA0C}.Release|Any CPU.ActiveCfg = Release|Any CPU
		{E2EAEADB-4B95-4F84-96FD-57AC2C30EA0C}.Release|Any CPU.Build.0 = Release|Any CPU
	EndGlobalSection
	GlobalSection(SolutionProperties) = preSolution
		HideSolutionNode = FALSE
	EndGlobalSection
EndGlobal
